
Microsoft Visual Studio Solution File, Format Version 12.00
# Visual Studio Version 17
VisualStudioVersion = 17.3.32929.385
MinimumVisualStudioVersion = 10.0.40219.1
Project("{FAE04EC0-301F-11D3-BF4B-00C04F79EFBC}") = "HCI Main", "HCI Main\HCI Main.csproj", "{1B12C6E9-5F49-4B78-ABF8-8727CF7EE5AE}"
EndProject
Global
	GlobalSection(SolutionConfigurationPlatforms) = preSolution
		Debug|Any CPU = Debug|Any CPU
		Release|Any CPU = Release|Any CPU
	EndGlobalSection
	GlobalSection(ProjectConfigurationPlatforms) = postSolution
		{1B12C6E9-5F49-4B78-ABF8-8727CF7EE5AE}.Debug|Any CPU.ActiveCfg = Debug|Any CPU
		{1B12C6E9-5F49-4B78-ABF8-8727CF7EE5AE}.Debug|Any CPU.Build.0 = Debug|Any CPU
		{1B12C6E9-5F49-4B78-ABF8-8727CF7EE5AE}.Release|Any CPU.ActiveCfg = Release|Any CPU
		{1B12C6E9-5F49-4B78-ABF8-8727CF7EE5AE}.Release|Any CPU.Build.0 = Release|Any CPU
	EndGlobalSection
	GlobalSection(SolutionProperties) = preSolution
		HideSolutionNode = FALSE
	EndGlobalSection
	GlobalSection(ExtensibilityGlobals) = postSolution
		SolutionGuid = {6D959941-85D2-4F0F-A86A-BE3DB814D019}
	EndGlobalSection
EndGlobal
